
Microsoft Visual Studio Solution File, Format Version 12.00
# Visual Studio 2012
Project("{FAE04EC0-301F-11D3-BF4B-00C04F79EFBC}") = "AgvServerSystem", "AgvServerSystem\AgvServerSystem.csproj", "{588ADE84-81C6-4038-92CF-5B2806B1FDF7}"
EndProject
Project("{FAE04EC0-301F-11D3-BF4B-00C04F79EFBC}") = "BLL", "BLL\BLL.csproj", "{9237DC9E-1A42-46CB-9FAA-6C6F12B9AF5B}"
EndProject
Project("{FAE04EC0-301F-11D3-BF4B-00C04F79EFBC}") = "DAL", "DAL\DAL.csproj", "{71687A0A-8AC2-472C-A2C8-3855F1D6EB61}"
EndProject
Project("{FAE04EC0-301F-11D3-BF4B-00C04F79EFBC}") = "Model", "Model\Model.csproj", "{033F11EA-D690-4EA8-8273-0DA79A12F376}"
EndProject
Project("{FAE04EC0-301F-11D3-BF4B-00C04F79EFBC}") = "AgvPLCUtils", "AgvUtils\AgvPLCUtils.csproj", "{060019FE-3FB5-4853-9A05-854ACA3C02E5}"
EndProject
Global
	GlobalSection(SolutionConfigurationPlatforms) = preSolution
		CD_ROM|Any CPU = CD_ROM|Any CPU
		Debug|Any CPU = Debug|Any CPU
		DVD-5|Any CPU = DVD-5|Any CPU
		Release|Any CPU = Release|Any CPU
		SingleImage|Any CPU = SingleImage|Any CPU
	EndGlobalSection
	GlobalSection(ProjectConfigurationPlatforms) = postSolution
		{588ADE84-81C6-4038-92CF-5B2806B1FDF7}.CD_ROM|Any CPU.ActiveCfg = Release|Any CPU
		{588ADE84-81C6-4038-92CF-5B2806B1FDF7}.CD_ROM|Any CPU.Build.0 = Release|Any CPU
		{588ADE84-81C6-4038-92CF-5B2806B1FDF7}.Debug|Any CPU.ActiveCfg = Debug|Any CPU
		{588ADE84-81C6-4038-92CF-5B2806B1FDF7}.Debug|Any CPU.Build.0 = Debug|Any CPU
		{588ADE84-81C6-4038-92CF-5B2806B1FDF7}.DVD-5|Any CPU.ActiveCfg = Debug|Any CPU
		{588ADE84-81C6-4038-92CF-5B2806B1FDF7}.DVD-5|Any CPU.Build.0 = Debug|Any CPU
		{588ADE84-81C6-4038-92CF-5B2806B1FDF7}.Release|Any CPU.ActiveCfg = Release|Any CPU
		{588ADE84-81C6-4038-92CF-5B2806B1FDF7}.Release|Any CPU.Build.0 = Release|Any CPU
		{588ADE84-81C6-4038-92CF-5B2806B1FDF7}.SingleImage|Any CPU.ActiveCfg = Release|Any CPU
		{588ADE84-81C6-4038-92CF-5B2806B1FDF7}.SingleImage|Any CPU.Build.0 = Release|Any CPU
		{9237DC9E-1A42-46CB-9FAA-6C6F12B9AF5B}.CD_ROM|Any CPU.ActiveCfg = Release|Any CPU
		{9237DC9E-1A42-46CB-9FAA-6C6F12B9AF5B}.CD_ROM|Any CPU.Build.0 = Release|Any CPU
		{9237DC9E-1A42-46CB-9FAA-6C6F12B9AF5B}.Debug|Any CPU.ActiveCfg = Debug|Any CPU
		{9237DC9E-1A42-46CB-9FAA-6C6F12B9AF5B}.Debug|Any CPU.Build.0 = Debug|Any CPU
		{9237DC9E-1A42-46CB-9FAA-6C6F12B9AF5B}.DVD-5|Any CPU.ActiveCfg = Debug|Any CPU
		{9237DC9E-1A42-46CB-9FAA-6C6F12B9AF5B}.DVD-5|Any CPU.Build.0 = Debug|Any CPU
		{9237DC9E-1A42-46CB-9FAA-6C6F12B9AF5B}.Release|Any CPU.ActiveCfg = Release|Any CPU
		{9237DC9E-1A42-46CB-9FAA-6C6F12B9AF5B}.Release|Any CPU.Build.0 = Release|Any CPU
		{9237DC9E-1A42-46CB-9FAA-6C6F12B9AF5B}.SingleImage|Any CPU.ActiveCfg = Release|Any CPU
		{9237DC9E-1A42-46CB-9FAA-6C6F12B9AF5B}.SingleImage|Any CPU.Build.0 = Release|Any CPU
		{71687A0A-8AC2-472C-A2C8-3855F1D6EB61}.CD_ROM|Any CPU.ActiveCfg = Release|Any CPU
		{71687A0A-8AC2-472C-A2C8-3855F1D6EB61}.CD_ROM|Any CPU.Build.0 = Release|Any CPU
		{71687A0A-8AC2-472C-A2C8-3855F1D6EB61}.Debug|Any CPU.ActiveCfg = Debug|Any CPU
		{71687A0A-8AC2-472C-A2C8-3855F1D6EB61}.Debug|Any CPU.Build.0 = Debug|Any CPU
		{71687A0A-8AC2-472C-A2C8-3855F1D6EB61}.DVD-5|Any CPU.ActiveCfg = Debug|Any CPU
		{71687A0A-8AC2-472C-A2C8-3855F1D6EB61}.DVD-5|Any CPU.Build.0 = Debug|Any CPU
		{71687A0A-8AC2-472C-A2C8-3855F1D6EB61}.Release|Any CPU.ActiveCfg = Release|Any CPU
		{71687A0A-8AC2-472C-A2C8-3855F1D6EB61}.Release|Any CPU.Build.0 = Release|Any CPU
		{71687A0A-8AC2-472C-A2C8-3855F1D6EB61}.SingleImage|Any CPU.ActiveCfg = Release|Any CPU
		{71687A0A-8AC2-472C-A2C8-3855F1D6EB61}.SingleImage|Any CPU.Build.0 = Release|Any CPU
		{033F11EA-D690-4EA8-8273-0DA79A12F376}.CD_ROM|Any CPU.ActiveCfg = Release|Any CPU
		{033F11EA-D690-4EA8-8273-0DA79A12F376}.CD_ROM|Any CPU.Build.0 = Release|Any CPU
		{033F11EA-D690-4EA8-8273-0DA79A12F376}.Debug|Any CPU.ActiveCfg = Debug|Any CPU
		{033F11EA-D690-4EA8-8273-0DA79A12F376}.Debug|Any CPU.Build.0 = Debug|Any CPU
		{033F11EA-D690-4EA8-8273-0DA79A12F376}.DVD-5|Any CPU.ActiveCfg = Debug|Any CPU
		{033F11EA-D690-4EA8-8273-0DA79A12F376}.DVD-5|Any CPU.Build.0 = Debug|Any CPU
		{033F11EA-D690-4EA8-8273-0DA79A12F376}.Release|Any CPU.ActiveCfg = Release|Any CPU
		{033F11EA-D690-4EA8-8273-0DA79A12F376}.Release|Any CPU.Build.0 = Release|Any CPU
		{033F11EA-D690-4EA8-8273-0DA79A12F376}.SingleImage|Any CPU.ActiveCfg = Release|Any CPU
		{033F11EA-D690-4EA8-8273-0DA79A12F376}.SingleImage|Any CPU.Build.0 = Release|Any CPU
		{060019FE-3FB5-4853-9A05-854ACA3C02E5}.CD_ROM|Any CPU.ActiveCfg = Release|Any CPU
		{060019FE-3FB5-4853-9A05-854ACA3C02E5}.CD_ROM|Any CPU.Build.0 = Release|Any CPU
		{060019FE-3FB5-4853-9A05-854ACA3C02E5}.Debug|Any CPU.ActiveCfg = Debug|Any CPU
		{060019FE-3FB5-4853-9A05-854ACA3C02E5}.Debug|Any CPU.Build.0 = Debug|Any CPU
		{060019FE-3FB5-4853-9A05-854ACA3C02E5}.DVD-5|Any CPU.ActiveCfg = Debug|Any CPU
		{060019FE-3FB5-4853-9A05-854ACA3C02E5}.DVD-5|Any CPU.Build.0 = Debug|Any CPU
		{060019FE-3FB5-4853-9A05-854ACA3C02E5}.Release|Any CPU.ActiveCfg = Release|Any CPU
		{060019FE-3FB5-4853-9A05-854ACA3C02E5}.Release|Any CPU.Build.0 = Release|Any CPU
		{060019FE-3FB5-4853-9A05-854ACA3C02E5}.SingleImage|Any CPU.ActiveCfg = Release|Any CPU
		{060019FE-3FB5-4853-9A05-854ACA3C02E5}.SingleImage|Any CPU.Build.0 = Release|Any CPU
	EndGlobalSection
	GlobalSection(SolutionProperties) = preSolution
		HideSolutionNode = FALSE
	EndGlobalSection
EndGlobal
